
Microsoft Visual Studio Solution File, Format Version 12.00
# Visual Studio Version 16
VisualStudioVersion = 16.0.31911.196
MinimumVisualStudioVersion = 10.0.40219.1
Project("{FAE04EC0-301F-11D3-BF4B-00C04F79EFBC}") = "Lab 22", "Lab 22.csproj", "{FCDDE3D8-67EE-42EF-81F0-0BC42DA98688}"
EndProject
Global
	GlobalSection(SolutionConfigurationPlatforms) = preSolution
		Debug|Any CPU = Debug|Any CPU
		Release|Any CPU = Release|Any CPU
	EndGlobalSection
	GlobalSection(ProjectConfigurationPlatforms) = postSolution
		{FCDDE3D8-67EE-42EF-81F0-0BC42DA98688}.Debug|Any CPU.ActiveCfg = Debug|Any CPU
		{FCDDE3D8-67EE-42EF-81F0-0BC42DA98688}.Debug|Any CPU.Build.0 = Debug|Any CPU
		{FCDDE3D8-67EE-42EF-81F0-0BC42DA98688}.Release|Any CPU.ActiveCfg = Release|Any CPU
		{FCDDE3D8-67EE-42EF-81F0-0BC42DA98688}.Release|Any CPU.Build.0 = Release|Any CPU
	EndGlobalSection
	GlobalSection(SolutionProperties) = preSolution
		HideSolutionNode = FALSE
	EndGlobalSection
	GlobalSection(ExtensibilityGlobals) = postSolution
		SolutionGuid = {732B2113-CC79-4B30-A577-71198ED87CF7}
	EndGlobalSection
EndGlobal
